
Microsoft Visual Studio Solution File, Format Version 12.00
# Visual Studio Version 17
VisualStudioVersion = 17.9.34622.214
MinimumVisualStudioVersion = 10.0.40219.1
Project("{FAE04EC0-301F-11D3-BF4B-00C04F79EFBC}") = "QuickSort", "QuickSort\QuickSort.csproj", "{87DB40B5-C10D-4A51-96BD-24C0D43C831B}"
EndProject
Global
	GlobalSection(SolutionConfigurationPlatforms) = preSolution
		Debug|Any CPU = Debug|Any CPU
		Release|Any CPU = Release|Any CPU
	EndGlobalSection
	GlobalSection(ProjectConfigurationPlatforms) = postSolution
		{87DB40B5-C10D-4A51-96BD-24C0D43C831B}.Debug|Any CPU.ActiveCfg = Debug|Any CPU
		{87DB40B5-C10D-4A51-96BD-24C0D43C831B}.Debug|Any CPU.Build.0 = Debug|Any CPU
		{87DB40B5-C10D-4A51-96BD-24C0D43C831B}.Release|Any CPU.ActiveCfg = Release|Any CPU
		{87DB40B5-C10D-4A51-96BD-24C0D43C831B}.Release|Any CPU.Build.0 = Release|Any CPU
	EndGlobalSection
	GlobalSection(SolutionProperties) = preSolution
		HideSolutionNode = FALSE
	EndGlobalSection
	GlobalSection(ExtensibilityGlobals) = postSolution
		SolutionGuid = {5E1F0424-50AB-4668-987C-84B18EEFCBDA}
	EndGlobalSection
EndGlobal
